
Microsoft Visual Studio Solution File, Format Version 12.00
# Visual Studio Version 16
VisualStudioVersion = 16.0.31702.278
MinimumVisualStudioVersion = 10.0.40219.1
Project("{9A19103F-16F7-4668-BE54-9A1E7A4F7556}") = "EntryPoint", "ConsoleAppLekksha\EntryPoint.csproj", "{84E6C2FB-563F-478D-8681-E7294DEF56D0}"
EndProject
Project("{9A19103F-16F7-4668-BE54-9A1E7A4F7556}") = "Homework1", "Homework1\Homework1.csproj", "{921BEFC3-66D8-4735-8AB6-4D641E181D62}"
EndProject
Project("{9A19103F-16F7-4668-BE54-9A1E7A4F7556}") = "Homework2", "Homework2\Homework2.csproj", "{0C966F6B-E44D-48C2-BF79-6978953334B2}"
EndProject
Project("{9A19103F-16F7-4668-BE54-9A1E7A4F7556}") = "Homework3", "Homework3\Homework3.csproj", "{571EBC98-24E7-4AB3-8464-59B282B6EE52}"
EndProject
Project("{9A19103F-16F7-4668-BE54-9A1E7A4F7556}") = "Homework4", "Homework4\Homework4.csproj", "{E93B6E72-781B-499C-A051-EFFAB7719EF1}"
EndProject
Project("{9A19103F-16F7-4668-BE54-9A1E7A4F7556}") = "Homework5", "Homework5\Homework5.csproj", "{ED23F722-2820-4CEA-B979-3D424B16D880}"
EndProject
Project("{9A19103F-16F7-4668-BE54-9A1E7A4F7556}") = "Homework1.Tests", "Homework1.Tests\Homework1.Tests.csproj", "{2CC0F81C-0B76-4E81-B8EB-A201899CCBEA}"
EndProject
Project("{9A19103F-16F7-4668-BE54-9A1E7A4F7556}") = "Homework2.Tests", "Homework2.Tests\Homework2.Tests.csproj", "{247AA85D-F775-47E2-A034-370BF4BDB284}"
EndProject
Project("{9A19103F-16F7-4668-BE54-9A1E7A4F7556}") = "Homework3.Tests", "Homework3.Tests\Homework3.Tests.csproj", "{CE025499-2E80-45BD-AD08-9BA143F33767}"
EndProject
Project("{FAE04EC0-301F-11D3-BF4B-00C04F79EFBC}") = "Homework5.Tests", "Homework5.Tests\Homework5.Tests.csproj", "{73350A4D-5F08-4169-B433-84D20956ADA9}"
EndProject
Project("{FAE04EC0-301F-11D3-BF4B-00C04F79EFBC}") = "Homework4.Tests", "Homework4.Tests\Homework4.Tests.csproj", "{5080CA10-3B00-41B2-AB84-B19E706926DC}"
EndProject
Global
	GlobalSection(SolutionConfigurationPlatforms) = preSolution
		Debug|Any CPU = Debug|Any CPU
		Release|Any CPU = Release|Any CPU
	EndGlobalSection
	GlobalSection(ProjectConfigurationPlatforms) = postSolution
		{84E6C2FB-563F-478D-8681-E7294DEF56D0}.Debug|Any CPU.ActiveCfg = Debug|Any CPU
		{84E6C2FB-563F-478D-8681-E7294DEF56D0}.Debug|Any CPU.Build.0 = Debug|Any CPU
		{84E6C2FB-563F-478D-8681-E7294DEF56D0}.Release|Any CPU.ActiveCfg = Release|Any CPU
		{84E6C2FB-563F-478D-8681-E7294DEF56D0}.Release|Any CPU.Build.0 = Release|Any CPU
		{921BEFC3-66D8-4735-8AB6-4D641E181D62}.Debug|Any CPU.ActiveCfg = Debug|Any CPU
		{921BEFC3-66D8-4735-8AB6-4D641E181D62}.Debug|Any CPU.Build.0 = Debug|Any CPU
		{921BEFC3-66D8-4735-8AB6-4D641E181D62}.Release|Any CPU.ActiveCfg = Release|Any CPU
		{921BEFC3-66D8-4735-8AB6-4D641E181D62}.Release|Any CPU.Build.0 = Release|Any CPU
		{0C966F6B-E44D-48C2-BF79-6978953334B2}.Debug|Any CPU.ActiveCfg = Debug|Any CPU
		{0C966F6B-E44D-48C2-BF79-6978953334B2}.Debug|Any CPU.Build.0 = Debug|Any CPU
		{0C966F6B-E44D-48C2-BF79-6978953334B2}.Release|Any CPU.ActiveCfg = Release|Any CPU
		{0C966F6B-E44D-48C2-BF79-6978953334B2}.Release|Any CPU.Build.0 = Release|Any CPU
		{571EBC98-24E7-4AB3-8464-59B282B6EE52}.Debug|Any CPU.ActiveCfg = Debug|Any CPU
		{571EBC98-24E7-4AB3-8464-59B282B6EE52}.Debug|Any CPU.Build.0 = Debug|Any CPU
		{571EBC98-24E7-4AB3-8464-59B282B6EE52}.Release|Any CPU.ActiveCfg = Release|Any CPU
		{571EBC98-24E7-4AB3-8464-59B282B6EE52}.Release|Any CPU.Build.0 = Release|Any CPU
		{E93B6E72-781B-499C-A051-EFFAB7719EF1}.Debug|Any CPU.ActiveCfg = Debug|Any CPU
		{E93B6E72-781B-499C-A051-EFFAB7719EF1}.Debug|Any CPU.Build.0 = Debug|Any CPU
		{E93B6E72-781B-499C-A051-EFFAB7719EF1}.Release|Any CPU.ActiveCfg = Release|Any CPU
		{E93B6E72-781B-499C-A051-EFFAB7719EF1}.Release|Any CPU.Build.0 = Release|Any CPU
		{ED23F722-2820-4CEA-B979-3D424B16D880}.Debug|Any CPU.ActiveCfg = Debug|Any CPU
		{ED23F722-2820-4CEA-B979-3D424B16D880}.Debug|Any CPU.Build.0 = Debug|Any CPU
		{ED23F722-2820-4CEA-B979-3D424B16D880}.Release|Any CPU.ActiveCfg = Release|Any CPU
		{ED23F722-2820-4CEA-B979-3D424B16D880}.Release|Any CPU.Build.0 = Release|Any CPU
		{2CC0F81C-0B76-4E81-B8EB-A201899CCBEA}.Debug|Any CPU.ActiveCfg = Debug|Any CPU
		{2CC0F81C-0B76-4E81-B8EB-A201899CCBEA}.Debug|Any CPU.Build.0 = Debug|Any CPU
		{2CC0F81C-0B76-4E81-B8EB-A201899CCBEA}.Release|Any CPU.ActiveCfg = Release|Any CPU
		{2CC0F81C-0B76-4E81-B8EB-A201899CCBEA}.Release|Any CPU.Build.0 = Release|Any CPU
		{247AA85D-F775-47E2-A034-370BF4BDB284}.Debug|Any CPU.ActiveCfg = Debug|Any CPU
		{247AA85D-F775-47E2-A034-370BF4BDB284}.Debug|Any CPU.Build.0 = Debug|Any CPU
		{247AA85D-F775-47E2-A034-370BF4BDB284}.Release|Any CPU.ActiveCfg = Release|Any CPU
		{247AA85D-F775-47E2-A034-370BF4BDB284}.Release|Any CPU.Build.0 = Release|Any CPU
		{CE025499-2E80-45BD-AD08-9BA143F33767}.Debug|Any CPU.ActiveCfg = Debug|Any CPU
		{CE025499-2E80-45BD-AD08-9BA143F33767}.Debug|Any CPU.Build.0 = Debug|Any CPU
		{CE025499-2E80-45BD-AD08-9BA143F33767}.Release|Any CPU.ActiveCfg = Release|Any CPU
		{CE025499-2E80-45BD-AD08-9BA143F33767}.Release|Any CPU.Build.0 = Release|Any CPU
		{73350A4D-5F08-4169-B433-84D20956ADA9}.Debug|Any CPU.ActiveCfg = Debug|Any CPU
		{73350A4D-5F08-4169-B433-84D20956ADA9}.Debug|Any CPU.Build.0 = Debug|Any CPU
		{73350A4D-5F08-4169-B433-84D20956ADA9}.Release|Any CPU.ActiveCfg = Release|Any CPU
		{73350A4D-5F08-4169-B433-84D20956ADA9}.Release|Any CPU.Build.0 = Release|Any CPU
		{5080CA10-3B00-41B2-AB84-B19E706926DC}.Debug|Any CPU.ActiveCfg = Debug|Any CPU
		{5080CA10-3B00-41B2-AB84-B19E706926DC}.Debug|Any CPU.Build.0 = Debug|Any CPU
		{5080CA10-3B00-41B2-AB84-B19E706926DC}.Release|Any CPU.ActiveCfg = Release|Any CPU
		{5080CA10-3B00-41B2-AB84-B19E706926DC}.Release|Any CPU.Build.0 = Release|Any CPU
	EndGlobalSection
	GlobalSection(SolutionProperties) = preSolution
		HideSolutionNode = FALSE
	EndGlobalSection
	GlobalSection(ExtensibilityGlobals) = postSolution
		SolutionGuid = {5A53065A-4232-4356-BDDD-EDAAAE5FC182}
	EndGlobalSection
EndGlobal
